
Microsoft Visual Studio Solution File, Format Version 12.00
# Visual Studio Version 17
VisualStudioVersion = 17.7.34031.279
MinimumVisualStudioVersion = 10.0.40219.1
Project("{2150E333-8FDC-42A3-9474-1A3956D46DE8}") = "FrontEnd", "FrontEnd", "{8250B570-FFFE-4EC5-AD6D-0DB0C1AC6582}"
EndProject
Project("{2150E333-8FDC-42A3-9474-1A3956D46DE8}") = "Gateway", "Gateway", "{85C06763-B7FC-452F-B199-B278A79E6319}"
EndProject
Project("{2150E333-8FDC-42A3-9474-1A3956D46DE8}") = "Integration", "Integration", "{D1E8AD7A-D785-463A-8B0E-D9E1001F4336}"
EndProject
Project("{2150E333-8FDC-42A3-9474-1A3956D46DE8}") = "Services", "Services", "{4FB30009-2411-432E-942A-A873CB7ABFA9}"
EndProject
Project("{9A19103F-16F7-4668-BE54-9A1E7A4F7556}") = "Mango.Services.CouponAPI", "Mango.Services.CouponAPI\Mango.Services.CouponAPI.csproj", "{77B45675-B4E6-405F-B249-9A870B270D7D}"
EndProject
Project("{9A19103F-16F7-4668-BE54-9A1E7A4F7556}") = "Mango.Web", "Mango.Web\Mango.Web.csproj", "{B3810B62-D4CD-4AF3-8D5F-29EBA02A739C}"
EndProject
Project("{9A19103F-16F7-4668-BE54-9A1E7A4F7556}") = "Mango.Services.AuthAPI", "Mango.Services.AuthAPI\Mango.Services.AuthAPI.csproj", "{56EC034F-89B3-43D0-AD1D-87818A58062D}"
EndProject
Project("{9A19103F-16F7-4668-BE54-9A1E7A4F7556}") = "Mango.Services.ProductAPI", "Mango.Services.ProductAPI\Mango.Services.ProductAPI.csproj", "{E59D3B7A-ECB2-4FD5-A68C-0ADDF13CCB0E}"
EndProject
Project("{9A19103F-16F7-4668-BE54-9A1E7A4F7556}") = "Mango.Services.ShoppingCartAPI", "Mango.Services.ShoppingCartAPI\Mango.Services.ShoppingCartAPI.csproj", "{3406DA36-FB49-4318-917E-B5DD8D4A3026}"
EndProject
Project("{9A19103F-16F7-4668-BE54-9A1E7A4F7556}") = "Mango.MessageBus", "Mango.MessageBus\Mango.MessageBus.csproj", "{8B4BE2C1-B06F-4F4B-8A09-4F3D3AF0BBFD}"
EndProject
Project("{9A19103F-16F7-4668-BE54-9A1E7A4F7556}") = "Mango.Services.EmailAPI", "Mango.Services.EmailAPI\Mango.Services.EmailAPI.csproj", "{A9A7C450-BBE7-402B-B6E9-D64C4E576910}"
EndProject
Project("{9A19103F-16F7-4668-BE54-9A1E7A4F7556}") = "Mango.Services.OrderAPI", "Mango.Servoces.OrderAPI\Mango.Services.OrderAPI.csproj", "{DC2A6EBE-71A7-489A-BAD6-0CF207EBEE44}"
EndProject
Project("{9A19103F-16F7-4668-BE54-9A1E7A4F7556}") = "Mango.Services.RewardAPI", "Mango.Services.RewardAPI\Mango.Services.RewardAPI.csproj", "{37EAEF43-693A-47DA-BFEF-4746A48E0380}"
EndProject
Project("{FAE04EC0-301F-11D3-BF4B-00C04F79EFBC}") = "Mango.GatewaySolution", "Mango.GatewaySolution\Mango.GatewaySolution.csproj", "{8FF75CF8-9FC4-4C31-8671-8CDEF635B59C}"
EndProject
Global
	GlobalSection(SolutionConfigurationPlatforms) = preSolution
		Debug|Any CPU = Debug|Any CPU
		Release|Any CPU = Release|Any CPU
	EndGlobalSection
	GlobalSection(ProjectConfigurationPlatforms) = postSolution
		{77B45675-B4E6-405F-B249-9A870B270D7D}.Debug|Any CPU.ActiveCfg = Debug|Any CPU
		{77B45675-B4E6-405F-B249-9A870B270D7D}.Debug|Any CPU.Build.0 = Debug|Any CPU
		{77B45675-B4E6-405F-B249-9A870B270D7D}.Release|Any CPU.ActiveCfg = Release|Any CPU
		{77B45675-B4E6-405F-B249-9A870B270D7D}.Release|Any CPU.Build.0 = Release|Any CPU
		{B3810B62-D4CD-4AF3-8D5F-29EBA02A739C}.Debug|Any CPU.ActiveCfg = Debug|Any CPU
		{B3810B62-D4CD-4AF3-8D5F-29EBA02A739C}.Debug|Any CPU.Build.0 = Debug|Any CPU
		{B3810B62-D4CD-4AF3-8D5F-29EBA02A739C}.Release|Any CPU.ActiveCfg = Release|Any CPU
		{B3810B62-D4CD-4AF3-8D5F-29EBA02A739C}.Release|Any CPU.Build.0 = Release|Any CPU
		{56EC034F-89B3-43D0-AD1D-87818A58062D}.Debug|Any CPU.ActiveCfg = Debug|Any CPU
		{56EC034F-89B3-43D0-AD1D-87818A58062D}.Debug|Any CPU.Build.0 = Debug|Any CPU
		{56EC034F-89B3-43D0-AD1D-87818A58062D}.Release|Any CPU.ActiveCfg = Release|Any CPU
		{56EC034F-89B3-43D0-AD1D-87818A58062D}.Release|Any CPU.Build.0 = Release|Any CPU
		{E59D3B7A-ECB2-4FD5-A68C-0ADDF13CCB0E}.Debug|Any CPU.ActiveCfg = Debug|Any CPU
		{E59D3B7A-ECB2-4FD5-A68C-0ADDF13CCB0E}.Debug|Any CPU.Build.0 = Debug|Any CPU
		{E59D3B7A-ECB2-4FD5-A68C-0ADDF13CCB0E}.Release|Any CPU.ActiveCfg = Release|Any CPU
		{E59D3B7A-ECB2-4FD5-A68C-0ADDF13CCB0E}.Release|Any CPU.Build.0 = Release|Any CPU
		{3406DA36-FB49-4318-917E-B5DD8D4A3026}.Debug|Any CPU.ActiveCfg = Debug|Any CPU
		{3406DA36-FB49-4318-917E-B5DD8D4A3026}.Debug|Any CPU.Build.0 = Debug|Any CPU
		{3406DA36-FB49-4318-917E-B5DD8D4A3026}.Release|Any CPU.ActiveCfg = Release|Any CPU
		{3406DA36-FB49-4318-917E-B5DD8D4A3026}.Release|Any CPU.Build.0 = Release|Any CPU
		{8B4BE2C1-B06F-4F4B-8A09-4F3D3AF0BBFD}.Debug|Any CPU.ActiveCfg = Debug|Any CPU
		{8B4BE2C1-B06F-4F4B-8A09-4F3D3AF0BBFD}.Debug|Any CPU.Build.0 = Debug|Any CPU
		{8B4BE2C1-B06F-4F4B-8A09-4F3D3AF0BBFD}.Release|Any CPU.ActiveCfg = Release|Any CPU
		{8B4BE2C1-B06F-4F4B-8A09-4F3D3AF0BBFD}.Release|Any CPU.Build.0 = Release|Any CPU
		{A9A7C450-BBE7-402B-B6E9-D64C4E576910}.Debug|Any CPU.ActiveCfg = Debug|Any CPU
		{A9A7C450-BBE7-402B-B6E9-D64C4E576910}.Debug|Any CPU.Build.0 = Debug|Any CPU
		{A9A7C450-BBE7-402B-B6E9-D64C4E576910}.Release|Any CPU.ActiveCfg = Release|Any CPU
		{A9A7C450-BBE7-402B-B6E9-D64C4E576910}.Release|Any CPU.Build.0 = Release|Any CPU
		{DC2A6EBE-71A7-489A-BAD6-0CF207EBEE44}.Debug|Any CPU.ActiveCfg = Debug|Any CPU
		{DC2A6EBE-71A7-489A-BAD6-0CF207EBEE44}.Debug|Any CPU.Build.0 = Debug|Any CPU
		{DC2A6EBE-71A7-489A-BAD6-0CF207EBEE44}.Release|Any CPU.ActiveCfg = Release|Any CPU
		{DC2A6EBE-71A7-489A-BAD6-0CF207EBEE44}.Release|Any CPU.Build.0 = Release|Any CPU
		{37EAEF43-693A-47DA-BFEF-4746A48E0380}.Debug|Any CPU.ActiveCfg = Debug|Any CPU
		{37EAEF43-693A-47DA-BFEF-4746A48E0380}.Debug|Any CPU.Build.0 = Debug|Any CPU
		{37EAEF43-693A-47DA-BFEF-4746A48E0380}.Release|Any CPU.ActiveCfg = Release|Any CPU
		{37EAEF43-693A-47DA-BFEF-4746A48E0380}.Release|Any CPU.Build.0 = Release|Any CPU
		{8FF75CF8-9FC4-4C31-8671-8CDEF635B59C}.Debug|Any CPU.ActiveCfg = Debug|Any CPU
		{8FF75CF8-9FC4-4C31-8671-8CDEF635B59C}.Debug|Any CPU.Build.0 = Debug|Any CPU
		{8FF75CF8-9FC4-4C31-8671-8CDEF635B59C}.Release|Any CPU.ActiveCfg = Release|Any CPU
		{8FF75CF8-9FC4-4C31-8671-8CDEF635B59C}.Release|Any CPU.Build.0 = Release|Any CPU
	EndGlobalSection
	GlobalSection(SolutionProperties) = preSolution
		HideSolutionNode = FALSE
	EndGlobalSection
	GlobalSection(NestedProjects) = preSolution
		{77B45675-B4E6-405F-B249-9A870B270D7D} = {4FB30009-2411-432E-942A-A873CB7ABFA9}
		{B3810B62-D4CD-4AF3-8D5F-29EBA02A739C} = {8250B570-FFFE-4EC5-AD6D-0DB0C1AC6582}
		{56EC034F-89B3-43D0-AD1D-87818A58062D} = {4FB30009-2411-432E-942A-A873CB7ABFA9}
		{E59D3B7A-ECB2-4FD5-A68C-0ADDF13CCB0E} = {4FB30009-2411-432E-942A-A873CB7ABFA9}
		{3406DA36-FB49-4318-917E-B5DD8D4A3026} = {4FB30009-2411-432E-942A-A873CB7ABFA9}
		{8B4BE2C1-B06F-4F4B-8A09-4F3D3AF0BBFD} = {D1E8AD7A-D785-463A-8B0E-D9E1001F4336}
		{A9A7C450-BBE7-402B-B6E9-D64C4E576910} = {4FB30009-2411-432E-942A-A873CB7ABFA9}
		{DC2A6EBE-71A7-489A-BAD6-0CF207EBEE44} = {4FB30009-2411-432E-942A-A873CB7ABFA9}
		{37EAEF43-693A-47DA-BFEF-4746A48E0380} = {4FB30009-2411-432E-942A-A873CB7ABFA9}
		{8FF75CF8-9FC4-4C31-8671-8CDEF635B59C} = {85C06763-B7FC-452F-B199-B278A79E6319}
	EndGlobalSection
	GlobalSection(ExtensibilityGlobals) = postSolution
		SolutionGuid = {A85C8D44-0FBE-4995-8DEB-DDD5BEB11CDA}
	EndGlobalSection
EndGlobal
