
Microsoft Visual Studio Solution File, Format Version 12.00
# Visual Studio Version 17
VisualStudioVersion = 17.7.34031.279
MinimumVisualStudioVersion = 10.0.40219.1
Project("{2150E333-8FDC-42A3-9474-1A3956D46DE8}") = "FrontEnd", "FrontEnd", "{8250B570-FFFE-4EC5-AD6D-0DB0C1AC6582}"
EndProject
Project("{2150E333-8FDC-42A3-9474-1A3956D46DE8}") = "Gateway", "Gateway", "{85C06763-B7FC-452F-B199-B278A79E6319}"
EndProject
Project("{2150E333-8FDC-42A3-9474-1A3956D46DE8}") = "Integration", "Integration", "{D1E8AD7A-D785-463A-8B0E-D9E1001F4336}"
EndProject
Project("{2150E333-8FDC-42A3-9474-1A3956D46DE8}") = "Services", "Services", "{4FB30009-2411-432E-942A-A873CB7ABFA9}"
EndProject
Project("{FAE04EC0-301F-11D3-BF4B-00C04F79EFBC}") = "Mango.Services.CouponAPI", "Mango.Services.CouponAPI\Mango.Services.CouponAPI.csproj", "{77B45675-B4E6-405F-B249-9A870B270D7D}"
EndProject
Global
	GlobalSection(SolutionConfigurationPlatforms) = preSolution
		Debug|Any CPU = Debug|Any CPU
		Release|Any CPU = Release|Any CPU
	EndGlobalSection
	GlobalSection(ProjectConfigurationPlatforms) = postSolution
		{77B45675-B4E6-405F-B249-9A870B270D7D}.Debug|Any CPU.ActiveCfg = Debug|Any CPU
		{77B45675-B4E6-405F-B249-9A870B270D7D}.Debug|Any CPU.Build.0 = Debug|Any CPU
		{77B45675-B4E6-405F-B249-9A870B270D7D}.Release|Any CPU.ActiveCfg = Release|Any CPU
		{77B45675-B4E6-405F-B249-9A870B270D7D}.Release|Any CPU.Build.0 = Release|Any CPU
	EndGlobalSection
	GlobalSection(SolutionProperties) = preSolution
		HideSolutionNode = FALSE
	EndGlobalSection
	GlobalSection(NestedProjects) = preSolution
		{77B45675-B4E6-405F-B249-9A870B270D7D} = {4FB30009-2411-432E-942A-A873CB7ABFA9}
	EndGlobalSection
	GlobalSection(ExtensibilityGlobals) = postSolution
		SolutionGuid = {A85C8D44-0FBE-4995-8DEB-DDD5BEB11CDA}
	EndGlobalSection
EndGlobal
